
Microsoft Visual Studio Solution File, Format Version 12.00
# Visual Studio Version 17
VisualStudioVersion = 17.9.34728.123
MinimumVisualStudioVersion = 10.0.40219.1
Project("{9A19103F-16F7-4668-BE54-9A1E7A4F7556}") = "PPIChallenge", "PPIChallenge\PPIChallenge.csproj", "{D0D0D0F0-4FCA-45FD-85A4-230AFD835332}"
EndProject
Project("{9A19103F-16F7-4668-BE54-9A1E7A4F7556}") = "Tests", "Tests\Tests.csproj", "{74E0FF8E-C46D-45CC-82BB-8F2DC41B1DA4}"
EndProject
Project("{2150E333-8FDC-42A3-9474-1A3956D46DE8}") = "Elementos de la solución", "Elementos de la solución", "{706CDEC0-C8E3-47EA-8558-1BC473C5D050}"
	ProjectSection(SolutionItems) = preProject
		..\..\..\Documents\PPIChallengeData.sql = ..\..\..\Documents\PPIChallengeData.sql
	EndProjectSection
EndProject
Global
	GlobalSection(SolutionConfigurationPlatforms) = preSolution
		Debug|Any CPU = Debug|Any CPU
		Release|Any CPU = Release|Any CPU
	EndGlobalSection
	GlobalSection(ProjectConfigurationPlatforms) = postSolution
		{D0D0D0F0-4FCA-45FD-85A4-230AFD835332}.Debug|Any CPU.ActiveCfg = Debug|Any CPU
		{D0D0D0F0-4FCA-45FD-85A4-230AFD835332}.Debug|Any CPU.Build.0 = Debug|Any CPU
		{D0D0D0F0-4FCA-45FD-85A4-230AFD835332}.Release|Any CPU.ActiveCfg = Release|Any CPU
		{D0D0D0F0-4FCA-45FD-85A4-230AFD835332}.Release|Any CPU.Build.0 = Release|Any CPU
		{74E0FF8E-C46D-45CC-82BB-8F2DC41B1DA4}.Debug|Any CPU.ActiveCfg = Debug|Any CPU
		{74E0FF8E-C46D-45CC-82BB-8F2DC41B1DA4}.Debug|Any CPU.Build.0 = Debug|Any CPU
		{74E0FF8E-C46D-45CC-82BB-8F2DC41B1DA4}.Release|Any CPU.ActiveCfg = Release|Any CPU
		{74E0FF8E-C46D-45CC-82BB-8F2DC41B1DA4}.Release|Any CPU.Build.0 = Release|Any CPU
	EndGlobalSection
	GlobalSection(SolutionProperties) = preSolution
		HideSolutionNode = FALSE
	EndGlobalSection
	GlobalSection(ExtensibilityGlobals) = postSolution
		SolutionGuid = {B5B3FF62-5B44-49F9-A949-E25C69A0114F}
	EndGlobalSection
EndGlobal
